{
  "nodes": {
    "basic-cli-src": {
      "flake": false,
      "locked": {
        "lastModified": 1791184085,
        "narHash": "sha256-CBPaXieMojHqdOr2rrWxEPvfkjD6Aa9brNBOPBc/XuU=",
        "owner": "roc-lang",
        "repo": "basic-cli",
        "rev": "1a4e6f4a0a5f233586e8215c6c5e7085f5c57597",
        "type": "github"
      },
      "original": {
        "owner": "roc-lang",
        "repo": "basic-cli",
        "rev": "1a4e6f4a0a5f233586e8215c6c5e7085f5c57597",
        "type": "github"
      }
    },
    "nixpkgs": {
      "locked": {
        "lastModified": 1790046670,
        "narHash": "sha256-MYiI+CzL0tuWgRPjGsKCDHqYs2T3OzMlMQWOYWG0qso=",
        "owner": "NixOS",
        "repo": "nixpkgs",
        "rev": "6774f7bc253789b113a4f39285dc0fa100abeacc",
        "type": "github"
      },
      "original": {
        "owner": "NixOS",
        "ref": "nixos-unstable",
        "repo": "nixpkgs",
        "type": "github"
      }
    },
    "nixpkgs-darwin": {
      "locked": {
        "lastModified": 1787940818,
        "narHash": "sha256-vFzVv78WlyEbTyV5BbrnicnV159wC0YPOcBe3QagyBI=",
        "owner": "NixOS",
        "repo": "nixpkgs",
        "rev": "f6107e546a5012172d93e79f1f7950da02ad798f",
        "type": "github"
      },
      "original": {
        "owner": "NixOS",
        "ref": "nixpkgs-26.05-darwin",
        "repo": "nixpkgs",
        "type": "github"
      }
    },
    "roc-overlay": {
      "inputs": {
        "nixpkgs": [
          "nixpkgs"
        ],
        "nixpkgs-darwin": "nixpkgs-darwin"
      },
      "locked": {
        "lastModified": 1791217331,
        "narHash": "sha256-R4ZjP2ceAyOyllFY+8wE1LLFVV4qvjw2yix57tzu6g0=",
        "owner": "roc-lang",
        "repo": "roc-overlay",
        "rev": "fb02fef7a45ddf115f558c8eaf32bd1ce2f9912f",
        "type": "github"
      },
      "original": {
        "owner": "roc-lang",
        "repo": "roc-overlay",
        "type": "github"
      }
    },
    "root": {
      "inputs": {
        "basic-cli-src": "basic-cli-src",
        "nixpkgs": "nixpkgs",
        "roc-overlay": "roc-overlay",
        "rust-overlay": "rust-overlay"
      }
    },
    "rust-overlay": {
      "inputs": {
        "nixpkgs": [
          "nixpkgs"
        ]
      },
      "locked": {
        "lastModified": 1790149037,
        "narHash": "sha256-01WcSplVEmQt13QUZLfWez27JO+2lyYWX+yTitvkF3g=",
        "owner": "oxalica",
        "repo": "rust-overlay",
        "rev": "fb058ecf6d14837ea152a3d5225ce7f88ee5cde1",
        "type": "github"
      },
      "original": {
        "owner": "oxalica",
        "repo": "rust-overlay",
        "type": "github"
      }
    }
  },
  "root": "root",
  "version": 7
}
